# This is a Gradle generated file for dependency locking.
# Manual edits can break the build and are not advised.
# This file is expected to be part of source control.
ch.qos.logback:logback-classic:1.3.15=ktlint
ch.qos.logback:logback-core:1.3.15=ktlint
com.fasterxml.jackson.core:jackson-annotations:2.15.3=dokkaHtmlGeneratorRuntimeResolver~internal
com.fasterxml.jackson.core:jackson-core:2.15.3=dokkaHtmlGeneratorRuntimeResolver~internal
com.fasterxml.jackson.core:jackson-databind:2.15.3=dokkaHtmlGeneratorRuntimeResolver~internal
com.fasterxml.jackson.dataformat:jackson-dataformat-xml:2.15.3=dokkaHtmlGeneratorRuntimeResolver~internal
com.fasterxml.jackson.module:jackson-module-kotlin:2.15.3=dokkaHtmlGeneratorRuntimeResolver~internal
com.fasterxml.jackson:jackson-bom:2.15.3=dokkaHtmlGeneratorRuntimeResolver~internal
com.fasterxml.woodstox:woodstox-core:6.5.1=dokkaHtmlGeneratorRuntimeResolver~internal
com.github.ajalt.clikt:clikt-jvm:5.0.3=ktlint
com.github.ajalt.clikt:clikt:5.0.3=ktlint
com.github.ben-manes.caffeine:caffeine:2.9.3=swiftExportClasspathResolvable
com.google.errorprone:error_prone_annotations:2.28.0=swiftExportClasspathResolvable
com.pinterest.ktlint:ktlint-cli-reporter-baseline:1.7.1=ktlint,ktlintBaselineReporter
com.pinterest.ktlint:ktlint-cli-reporter-checkstyle:1.7.1=ktlint
com.pinterest.ktlint:ktlint-cli-reporter-core:1.7.1=ktlint,ktlintBaselineReporter
com.pinterest.ktlint:ktlint-cli-reporter-format:1.7.1=ktlint
com.pinterest.ktlint:ktlint-cli-reporter-html:1.7.1=ktlint
com.pinterest.ktlint:ktlint-cli-reporter-json:1.7.1=ktlint
com.pinterest.ktlint:ktlint-cli-reporter-plain-summary:1.7.1=ktlint
com.pinterest.ktlint:ktlint-cli-reporter-plain:1.7.1=ktlint
com.pinterest.ktlint:ktlint-cli-reporter-sarif:1.7.1=ktlint
com.pinterest.ktlint:ktlint-cli-ruleset-core:1.7.1=ktlint,ktlintRuleset
com.pinterest.ktlint:ktlint-cli:1.7.1=ktlint
com.pinterest.ktlint:ktlint-logger:1.7.1=ktlint,ktlintBaselineReporter,ktlintRuleset
com.pinterest.ktlint:ktlint-rule-engine-core:1.7.1=ktlint,ktlintBaselineReporter,ktlintRuleset
com.pinterest.ktlint:ktlint-rule-engine:1.7.1=ktlint
com.pinterest.ktlint:ktlint-ruleset-standard:1.7.1=ktlint,ktlintRuleset
dev.drewhamilton.poko:poko-annotations-jvm:0.19.1=ktlint,ktlintBaselineReporter,ktlintRuleset
dev.drewhamilton.poko:poko-annotations:0.19.1=ktlint,ktlintBaselineReporter,ktlintRuleset
io.github.detekt.sarif4k:sarif4k-jvm:0.6.0=ktlint,ktlintReporter
io.github.detekt.sarif4k:sarif4k:0.6.0=ktlint,ktlintReporter
io.github.java-diff-utils:java-diff-utils:4.12=kotlinInternalAbiValidation
io.github.oshai:kotlin-logging-jvm:7.0.7=ktlint,ktlintBaselineReporter,ktlintReporter,ktlintRuleset
io.github.oshai:kotlin-logging:5.1.0=ktlint,ktlintBaselineReporter,ktlintReporter
io.opentelemetry:opentelemetry-api:1.41.0=swiftExportClasspathResolvable
io.opentelemetry:opentelemetry-context:1.41.0=swiftExportClasspathResolvable
org.bouncycastle:bcpg-jdk18on:1.80=kotlinBouncyCastleConfiguration
org.bouncycastle:bcpkix-jdk18on:1.80=kotlinBouncyCastleConfiguration
org.bouncycastle:bcprov-jdk18on:1.80=kotlinBouncyCastleConfiguration
org.bouncycastle:bcutil-jdk18on:1.80=kotlinBouncyCastleConfiguration
org.checkerframework:checker-qual:3.43.0=swiftExportClasspathResolvable
org.codehaus.woodstox:stax2-api:4.2.1=dokkaHtmlGeneratorRuntimeResolver~internal
org.ec4j.core:ec4j-core:1.1.1=ktlint,ktlintBaselineReporter,ktlintRuleset
org.freemarker:freemarker:2.3.32=dokkaHtmlGeneratorRuntimeResolver~internal
org.jetbrains.dokka:analysis-kotlin-symbols:2.1.0=dokkaHtmlGeneratorRuntimeResolver~internal
org.jetbrains.dokka:analysis-markdown:2.1.0=dokkaHtmlGeneratorRuntimeResolver~internal
org.jetbrains.dokka:dokka-base:2.1.0=dokkaHtmlGeneratorRuntimeResolver~internal,dokkaHtmlPluginIntransitiveResolver~internal
org.jetbrains.dokka:dokka-core:2.1.0=dokkaHtmlGeneratorRuntimeResolver~internal
org.jetbrains.dokka:templating-plugin:2.1.0=dokkaHtmlGeneratorRuntimeResolver~internal,dokkaHtmlPluginIntransitiveResolver~internal
org.jetbrains.kotlin:abi-tools-api:2.2.20=kotlinInternalAbiValidation
org.jetbrains.kotlin:abi-tools:2.2.20=kotlinInternalAbiValidation
org.jetbrains.kotlin:kotlin-build-tools-api:2.2.20=kotlinBuildToolsApiClasspath
org.jetbrains.kotlin:kotlin-build-tools-impl:2.2.20=kotlinBuildToolsApiClasspath
org.jetbrains.kotlin:kotlin-compiler-embeddable:2.2.0=ktlint,ktlintBaselineReporter,ktlintRuleset
org.jetbrains.kotlin:kotlin-compiler-embeddable:2.2.20=kotlinBuildToolsApiClasspath,kotlinCompilerClasspath,kotlinInternalAbiValidation,kotlinKlibCommonizerClasspath,swiftExportClasspathResolvable
org.jetbrains.kotlin:kotlin-compiler-runner:2.2.20=kotlinBuildToolsApiClasspath
org.jetbrains.kotlin:kotlin-daemon-client:2.2.20=kotlinBuildToolsApiClasspath
org.jetbrains.kotlin:kotlin-daemon-embeddable:2.2.0=ktlint,ktlintBaselineReporter,ktlintRuleset
org.jetbrains.kotlin:kotlin-daemon-embeddable:2.2.20=kotlinBuildToolsApiClasspath,kotlinCompilerClasspath,kotlinInternalAbiValidation,kotlinKlibCommonizerClasspath,swiftExportClasspathResolvable
org.jetbrains.kotlin:kotlin-dom-api-compat:2.2.20=allSourceSetsCompileDependenciesMetadata,allTestSourceSetsCompileDependenciesMetadata,jsCompileClasspath,jsMainApiDependenciesMetadata,jsMainCompileOnlyDependenciesMetadata,jsMainImplementationDependenciesMetadata,jsMainResolvableDependenciesMetadata,jsNpmAggregated,jsRuntimeClasspath,jsTestApiDependenciesMetadata,jsTestCompileClasspath,jsTestCompileOnlyDependenciesMetadata,jsTestImplementationDependenciesMetadata,jsTestNpmAggregated,jsTestResolvableDependenciesMetadata,jsTestRuntimeClasspath,webTestApiDependenciesMetadata,webTestCompileOnlyDependenciesMetadata,webTestImplementationDependenciesMetadata,webTestResolvableDependenciesMetadata
org.jetbrains.kotlin:kotlin-klib-commonizer-embeddable:2.2.20=kotlinKlibCommonizerClasspath
org.jetbrains.kotlin:kotlin-metadata-jvm:2.2.20=kotlinInternalAbiValidation
org.jetbrains.kotlin:kotlin-native-prebuilt:2.2.20=kotlinNativeBundleConfiguration
org.jetbrains.kotlin:kotlin-reflect:1.6.10=kotlinBuildToolsApiClasspath,kotlinCompilerClasspath,kotlinInternalAbiValidation,kotlinKlibCommonizerClasspath,ktlint,ktlintBaselineReporter,ktlintRuleset,swiftExportClasspathResolvable
org.jetbrains.kotlin:kotlin-reflect:2.0.21=dokkaHtmlGeneratorRuntimeResolver~internal
org.jetbrains.kotlin:kotlin-script-runtime:2.2.0=ktlint,ktlintBaselineReporter,ktlintRuleset
org.jetbrains.kotlin:kotlin-script-runtime:2.2.20=kotlinBuildToolsApiClasspath,kotlinCompilerClasspath,kotlinCompilerPluginClasspathAndroidMain,kotlinCompilerPluginClasspathJsMain,kotlinCompilerPluginClasspathJsTest,kotlinCompilerPluginClasspathJvmMain,kotlinCompilerPluginClasspathJvmTest,kotlinCompilerPluginClasspathMetadataCommonMain,kotlinCompilerPluginClasspathMetadataMain,kotlinInternalAbiValidation,kotlinKlibCommonizerClasspath,swiftExportClasspathResolvable
org.jetbrains.kotlin:kotlin-scripting-common:2.2.20=kotlinBuildToolsApiClasspath,kotlinCompilerPluginClasspathAndroidMain,kotlinCompilerPluginClasspathJsMain,kotlinCompilerPluginClasspathJsTest,kotlinCompilerPluginClasspathJvmMain,kotlinCompilerPluginClasspathJvmTest,kotlinCompilerPluginClasspathMetadataCommonMain,kotlinCompilerPluginClasspathMetadataMain
org.jetbrains.kotlin:kotlin-scripting-compiler-embeddable:2.2.20=kotlinBuildToolsApiClasspath,kotlinCompilerPluginClasspathAndroidMain,kotlinCompilerPluginClasspathJsMain,kotlinCompilerPluginClasspathJsTest,kotlinCompilerPluginClasspathJvmMain,kotlinCompilerPluginClasspathJvmTest,kotlinCompilerPluginClasspathMetadataCommonMain,kotlinCompilerPluginClasspathMetadataMain
org.jetbrains.kotlin:kotlin-scripting-compiler-impl-embeddable:2.2.20=kotlinBuildToolsApiClasspath,kotlinCompilerPluginClasspathAndroidMain,kotlinCompilerPluginClasspathJsMain,kotlinCompilerPluginClasspathJsTest,kotlinCompilerPluginClasspathJvmMain,kotlinCompilerPluginClasspathJvmTest,kotlinCompilerPluginClasspathMetadataCommonMain,kotlinCompilerPluginClasspathMetadataMain
org.jetbrains.kotlin:kotlin-scripting-jvm:2.2.20=kotlinBuildToolsApiClasspath,kotlinCompilerPluginClasspathAndroidMain,kotlinCompilerPluginClasspathJsMain,kotlinCompilerPluginClasspathJsTest,kotlinCompilerPluginClasspathJvmMain,kotlinCompilerPluginClasspathJvmTest,kotlinCompilerPluginClasspathMetadataCommonMain,kotlinCompilerPluginClasspathMetadataMain
org.jetbrains.kotlin:kotlin-stdlib-common:2.0.21=dokkaHtmlGeneratorRuntimeResolver~internal
org.jetbrains.kotlin:kotlin-stdlib-common:2.2.0=ktlintReporter
org.jetbrains.kotlin:kotlin-stdlib-jdk7:1.8.0=ktlintReporter
org.jetbrains.kotlin:kotlin-stdlib-jdk7:1.8.20=dokkaHtmlGeneratorRuntimeResolver~internal
org.jetbrains.kotlin:kotlin-stdlib-jdk8:1.8.0=ktlintReporter
org.jetbrains.kotlin:kotlin-stdlib-jdk8:1.8.20=dokkaHtmlGeneratorRuntimeResolver~internal
org.jetbrains.kotlin:kotlin-stdlib-js:2.2.20=jsCompileClasspath,jsNpmAggregated,jsRuntimeClasspath,jsTestCompileClasspath,jsTestNpmAggregated,jsTestRuntimeClasspath
org.jetbrains.kotlin:kotlin-stdlib:2.0.21=dokkaHtmlGeneratorRuntimeResolver~internal
org.jetbrains.kotlin:kotlin-stdlib:2.2.0=ktlint,ktlintBaselineReporter,ktlintReporter,ktlintRuleset
org.jetbrains.kotlin:kotlin-stdlib:2.2.20=allSourceSetsCompileDependenciesMetadata,allTestSourceSetsCompileDependenciesMetadata,androidCompileClasspath,androidMainApiDependenciesMetadata,androidMainCompileOnlyDependenciesMetadata,androidMainImplementationDependenciesMetadata,androidMainResolvableDependenciesMetadata,androidNativeArm32CInterop,androidNativeArm32CompilationDependenciesMetadata,androidNativeArm32CompileKlibraries,androidNativeArm32TestCInterop,androidNativeArm32TestCompilationDependenciesMetadata,androidNativeArm32TestCompileKlibraries,androidNativeArm64CInterop,androidNativeArm64CompilationDependenciesMetadata,androidNativeArm64CompileKlibraries,androidNativeArm64TestCInterop,androidNativeArm64TestCompilationDependenciesMetadata,androidNativeArm64TestCompileKlibraries,androidNativeX64CInterop,androidNativeX64CompilationDependenciesMetadata,androidNativeX64CompileKlibraries,androidNativeX64TestCInterop,androidNativeX64TestCompilationDependenciesMetadata,androidNativeX64TestCompileKlibraries,androidNativeX86CInterop,androidNativeX86CompilationDependenciesMetadata,androidNativeX86CompileKlibraries,androidNativeX86TestCInterop,androidNativeX86TestCompilationDependenciesMetadata,androidNativeX86TestCompileKlibraries,androidRuntimeClasspath,commonMainApiDependenciesMetadata,commonMainCompileOnlyDependenciesMetadata,commonMainImplementationDependenciesMetadata,commonMainResolvableDependenciesMetadata,commonTestApiDependenciesMetadata,commonTestCompileOnlyDependenciesMetadata,commonTestImplementationDependenciesMetadata,commonTestResolvableDependenciesMetadata,iosArm64CInterop,iosArm64CompilationDependenciesMetadata,iosArm64CompileKlibraries,iosArm64TestCInterop,iosArm64TestCompilationDependenciesMetadata,iosArm64TestCompileKlibraries,iosSimulatorArm64CInterop,iosSimulatorArm64CompilationDependenciesMetadata,iosSimulatorArm64CompileKlibraries,iosSimulatorArm64TestCInterop,iosSimulatorArm64TestCompilationDependenciesMetadata,iosSimulatorArm64TestCompileKlibraries,iosX64CInterop,iosX64CompilationDependenciesMetadata,iosX64CompileKlibraries,iosX64TestCInterop,iosX64TestCompilationDependenciesMetadata,iosX64TestCompileKlibraries,jsCompileClasspath,jsMainApiDependenciesMetadata,jsMainCompileOnlyDependenciesMetadata,jsMainImplementationDependenciesMetadata,jsMainResolvableDependenciesMetadata,jsNpmAggregated,jsRuntimeClasspath,jsTestApiDependenciesMetadata,jsTestCompileClasspath,jsTestCompileOnlyDependenciesMetadata,jsTestImplementationDependenciesMetadata,jsTestNpmAggregated,jsTestResolvableDependenciesMetadata,jsTestRuntimeClasspath,jvmCompileClasspath,jvmMainApiDependenciesMetadata,jvmMainCompileClasspath,jvmMainCompileOnlyDependenciesMetadata,jvmMainImplementationDependenciesMetadata,jvmMainResolvableDependenciesMetadata,jvmMainRuntimeClasspath,jvmRuntimeClasspath,jvmTestApiDependenciesMetadata,jvmTestCompileClasspath,jvmTestCompileOnlyDependenciesMetadata,jvmTestImplementationDependenciesMetadata,jvmTestResolvableDependenciesMetadata,jvmTestRuntimeClasspath,kotlinBuildToolsApiClasspath,kotlinCompilerClasspath,kotlinCompilerPluginClasspathAndroidMain,kotlinCompilerPluginClasspathJsMain,kotlinCompilerPluginClasspathJsTest,kotlinCompilerPluginClasspathJvmMain,kotlinCompilerPluginClasspathJvmTest,kotlinCompilerPluginClasspathMetadataCommonMain,kotlinCompilerPluginClasspathMetadataMain,kotlinInternalAbiValidation,kotlinKlibCommonizerClasspath,linuxArm64CInterop,linuxArm64CompilationDependenciesMetadata,linuxArm64CompileKlibraries,linuxArm64TestCInterop,linuxArm64TestCompilationDependenciesMetadata,linuxArm64TestCompileKlibraries,linuxX64CInterop,linuxX64CompilationDependenciesMetadata,linuxX64CompileKlibraries,linuxX64TestCInterop,linuxX64TestCompilationDependenciesMetadata,linuxX64TestCompileKlibraries,macosArm64CInterop,macosArm64CompilationDependenciesMetadata,macosArm64CompileKlibraries,macosArm64TestCInterop,macosArm64TestCompilationDependenciesMetadata,macosArm64TestCompileKlibraries,macosX64CInterop,macosX64CompilationDependenciesMetadata,macosX64CompileKlibraries,macosX64TestCInterop,macosX64TestCompilationDependenciesMetadata,macosX64TestCompileKlibraries,metadataAndroidNativeMainCompileClasspath,metadataAppleMainCompileClasspath,metadataCommonMainCompileClasspath,metadataCompileClasspath,metadataIosMainCompileClasspath,metadataLinuxMainCompileClasspath,metadataMacosMainCompileClasspath,metadataNativeMainCompileClasspath,metadataTvosMainCompileClasspath,metadataWatchosMainCompileClasspath,mingwX64CInterop,mingwX64CompilationDependenciesMetadata,mingwX64CompileKlibraries,mingwX64TestCInterop,mingwX64TestCompilationDependenciesMetadata,mingwX64TestCompileKlibraries,resolvableAndroidNativeArm32CompilationApi,resolvableAndroidNativeArm64CompilationApi,resolvableAndroidNativeX64CompilationApi,resolvableAndroidNativeX86CompilationApi,resolvableIosArm64CompilationApi,resolvableIosSimulatorArm64CompilationApi,resolvableIosX64CompilationApi,resolvableLinuxArm64CompilationApi,resolvableLinuxX64CompilationApi,resolvableMacosArm64CompilationApi,resolvableMacosX64CompilationApi,resolvableMingwX64CompilationApi,resolvableTvosArm64CompilationApi,resolvableTvosSimulatorArm64CompilationApi,resolvableTvosX64CompilationApi,resolvableWatchosArm32CompilationApi,resolvableWatchosArm64CompilationApi,resolvableWatchosDeviceArm64CompilationApi,resolvableWatchosSimulatorArm64CompilationApi,resolvableWatchosX64CompilationApi,swiftExportClasspathResolvable,tvosArm64CInterop,tvosArm64CompilationDependenciesMetadata,tvosArm64CompileKlibraries,tvosArm64TestCInterop,tvosArm64TestCompilationDependenciesMetadata,tvosArm64TestCompileKlibraries,tvosSimulatorArm64CInterop,tvosSimulatorArm64CompilationDependenciesMetadata,tvosSimulatorArm64CompileKlibraries,tvosSimulatorArm64TestCInterop,tvosSimulatorArm64TestCompilationDependenciesMetadata,tvosSimulatorArm64TestCompileKlibraries,tvosX64CInterop,tvosX64CompilationDependenciesMetadata,tvosX64CompileKlibraries,tvosX64TestCInterop,tvosX64TestCompilationDependenciesMetadata,tvosX64TestCompileKlibraries,watchosArm32CInterop,watchosArm32CompilationDependenciesMetadata,watchosArm32CompileKlibraries,watchosArm32TestCInterop,watchosArm32TestCompilationDependenciesMetadata,watchosArm32TestCompileKlibraries,watchosArm64CInterop,watchosArm64CompilationDependenciesMetadata,watchosArm64CompileKlibraries,watchosArm64TestCInterop,watchosArm64TestCompilationDependenciesMetadata,watchosArm64TestCompileKlibraries,watchosDeviceArm64CInterop,watchosDeviceArm64CompilationDependenciesMetadata,watchosDeviceArm64CompileKlibraries,watchosDeviceArm64TestCInterop,watchosDeviceArm64TestCompilationDependenciesMetadata,watchosDeviceArm64TestCompileKlibraries,watchosSimulatorArm64CInterop,watchosSimulatorArm64CompilationDependenciesMetadata,watchosSimulatorArm64CompileKlibraries,watchosSimulatorArm64TestCInterop,watchosSimulatorArm64TestCompilationDependenciesMetadata,watchosSimulatorArm64TestCompileKlibraries,watchosX64CInterop,watchosX64CompilationDependenciesMetadata,watchosX64CompileKlibraries,watchosX64TestCInterop,watchosX64TestCompilationDependenciesMetadata,watchosX64TestCompileKlibraries,webMainApiDependenciesMetadata,webMainCompileOnlyDependenciesMetadata,webMainImplementationDependenciesMetadata,webMainResolvableDependenciesMetadata,webTestApiDependenciesMetadata,webTestCompileOnlyDependenciesMetadata,webTestImplementationDependenciesMetadata,webTestResolvableDependenciesMetadata
org.jetbrains.kotlin:swift-export-embeddable:2.2.20=swiftExportClasspathResolvable
org.jetbrains.kotlinx:kotlinx-coroutines-bom:1.7.3=dokkaHtmlGeneratorRuntimeResolver~internal
org.jetbrains.kotlinx:kotlinx-coroutines-core-jvm:1.7.3=dokkaHtmlGeneratorRuntimeResolver~internal
org.jetbrains.kotlinx:kotlinx-coroutines-core-jvm:1.8.0=kotlinBuildToolsApiClasspath,kotlinCompilerClasspath,kotlinInternalAbiValidation,kotlinKlibCommonizerClasspath,ktlint,ktlintBaselineReporter,ktlintRuleset,swiftExportClasspathResolvable
org.jetbrains.kotlinx:kotlinx-coroutines-core:1.7.3=dokkaHtmlGeneratorRuntimeResolver~internal
org.jetbrains.kotlinx:kotlinx-html-jvm:0.9.1=dokkaHtmlGeneratorRuntimeResolver~internal
org.jetbrains.kotlinx:kotlinx-serialization-bom:1.7.3=swiftExportClasspathResolvable
org.jetbrains.kotlinx:kotlinx-serialization-core-jvm:1.4.1=ktlintReporter
org.jetbrains.kotlinx:kotlinx-serialization-core-jvm:1.7.3=swiftExportClasspathResolvable
org.jetbrains.kotlinx:kotlinx-serialization-core:1.4.1=ktlintReporter
org.jetbrains.kotlinx:kotlinx-serialization-core:1.7.3=swiftExportClasspathResolvable
org.jetbrains.kotlinx:kotlinx-serialization-json-jvm:1.4.1=ktlintReporter
org.jetbrains.kotlinx:kotlinx-serialization-json:1.4.1=ktlintReporter
org.jetbrains:annotations-androidNativeArm32:26.0.2-1=androidNativeArm32CInterop,androidNativeArm32CompilationDependenciesMetadata,androidNativeArm32CompileKlibraries,androidNativeArm32TestCInterop,androidNativeArm32TestCompilationDependenciesMetadata,androidNativeArm32TestCompileKlibraries
org.jetbrains:annotations-androidNativeArm64:26.0.2-1=androidNativeArm64CInterop,androidNativeArm64CompilationDependenciesMetadata,androidNativeArm64CompileKlibraries,androidNativeArm64TestCInterop,androidNativeArm64TestCompilationDependenciesMetadata,androidNativeArm64TestCompileKlibraries
org.jetbrains:annotations-androidNativeX64:26.0.2-1=androidNativeX64CInterop,androidNativeX64CompilationDependenciesMetadata,androidNativeX64CompileKlibraries,androidNativeX64TestCInterop,androidNativeX64TestCompilationDependenciesMetadata,androidNativeX64TestCompileKlibraries
org.jetbrains:annotations-androidNativeX86:26.0.2-1=androidNativeX86CInterop,androidNativeX86CompilationDependenciesMetadata,androidNativeX86CompileKlibraries,androidNativeX86TestCInterop,androidNativeX86TestCompilationDependenciesMetadata,androidNativeX86TestCompileKlibraries
org.jetbrains:annotations-iosArm64:26.0.2-1=iosArm64CInterop,iosArm64CompilationDependenciesMetadata,iosArm64CompileKlibraries,iosArm64TestCInterop,iosArm64TestCompilationDependenciesMetadata,iosArm64TestCompileKlibraries
org.jetbrains:annotations-iosSimulatorArm64:26.0.2-1=iosSimulatorArm64CInterop,iosSimulatorArm64CompilationDependenciesMetadata,iosSimulatorArm64CompileKlibraries,iosSimulatorArm64TestCInterop,iosSimulatorArm64TestCompilationDependenciesMetadata,iosSimulatorArm64TestCompileKlibraries
org.jetbrains:annotations-iosX64:26.0.2-1=iosX64CInterop,iosX64CompilationDependenciesMetadata,iosX64CompileKlibraries,iosX64TestCInterop,iosX64TestCompilationDependenciesMetadata,iosX64TestCompileKlibraries
org.jetbrains:annotations-js:26.0.2-1=jsCompileClasspath,jsNpmAggregated,jsRuntimeClasspath,jsTestCompileClasspath,jsTestNpmAggregated,jsTestRuntimeClasspath
org.jetbrains:annotations-linuxArm64:26.0.2-1=linuxArm64CInterop,linuxArm64CompilationDependenciesMetadata,linuxArm64CompileKlibraries,linuxArm64TestCInterop,linuxArm64TestCompilationDependenciesMetadata,linuxArm64TestCompileKlibraries
org.jetbrains:annotations-linuxX64:26.0.2-1=linuxX64CInterop,linuxX64CompilationDependenciesMetadata,linuxX64CompileKlibraries,linuxX64TestCInterop,linuxX64TestCompilationDependenciesMetadata,linuxX64TestCompileKlibraries
org.jetbrains:annotations-macosArm64:26.0.2-1=macosArm64CInterop,macosArm64CompilationDependenciesMetadata,macosArm64CompileKlibraries,macosArm64TestCInterop,macosArm64TestCompilationDependenciesMetadata,macosArm64TestCompileKlibraries
org.jetbrains:annotations-macosX64:26.0.2-1=macosX64CInterop,macosX64CompilationDependenciesMetadata,macosX64CompileKlibraries,macosX64TestCInterop,macosX64TestCompilationDependenciesMetadata,macosX64TestCompileKlibraries
org.jetbrains:annotations-mingwX64:26.0.2-1=mingwX64CInterop,mingwX64CompilationDependenciesMetadata,mingwX64CompileKlibraries,mingwX64TestCInterop,mingwX64TestCompilationDependenciesMetadata,mingwX64TestCompileKlibraries
org.jetbrains:annotations-tvosArm64:26.0.2-1=tvosArm64CInterop,tvosArm64CompilationDependenciesMetadata,tvosArm64CompileKlibraries,tvosArm64TestCInterop,tvosArm64TestCompilationDependenciesMetadata,tvosArm64TestCompileKlibraries
org.jetbrains:annotations-tvosSimulatorArm64:26.0.2-1=tvosSimulatorArm64CInterop,tvosSimulatorArm64CompilationDependenciesMetadata,tvosSimulatorArm64CompileKlibraries,tvosSimulatorArm64TestCInterop,tvosSimulatorArm64TestCompilationDependenciesMetadata,tvosSimulatorArm64TestCompileKlibraries
org.jetbrains:annotations-tvosX64:26.0.2-1=tvosX64CInterop,tvosX64CompilationDependenciesMetadata,tvosX64CompileKlibraries,tvosX64TestCInterop,tvosX64TestCompilationDependenciesMetadata,tvosX64TestCompileKlibraries
org.jetbrains:annotations-watchosArm32:26.0.2-1=watchosArm32CInterop,watchosArm32CompilationDependenciesMetadata,watchosArm32CompileKlibraries,watchosArm32TestCInterop,watchosArm32TestCompilationDependenciesMetadata,watchosArm32TestCompileKlibraries
org.jetbrains:annotations-watchosArm64:26.0.2-1=watchosArm64CInterop,watchosArm64CompilationDependenciesMetadata,watchosArm64CompileKlibraries,watchosArm64TestCInterop,watchosArm64TestCompilationDependenciesMetadata,watchosArm64TestCompileKlibraries
org.jetbrains:annotations-watchosDeviceArm64:26.0.2-1=watchosDeviceArm64CInterop,watchosDeviceArm64CompilationDependenciesMetadata,watchosDeviceArm64CompileKlibraries,watchosDeviceArm64TestCInterop,watchosDeviceArm64TestCompilationDependenciesMetadata,watchosDeviceArm64TestCompileKlibraries
org.jetbrains:annotations-watchosSimulatorArm64:26.0.2-1=watchosSimulatorArm64CInterop,watchosSimulatorArm64CompilationDependenciesMetadata,watchosSimulatorArm64CompileKlibraries,watchosSimulatorArm64TestCInterop,watchosSimulatorArm64TestCompilationDependenciesMetadata,watchosSimulatorArm64TestCompileKlibraries
org.jetbrains:annotations-watchosX64:26.0.2-1=watchosX64CInterop,watchosX64CompilationDependenciesMetadata,watchosX64CompileKlibraries,watchosX64TestCInterop,watchosX64TestCompilationDependenciesMetadata,watchosX64TestCompileKlibraries
org.jetbrains:annotations:13.0=kotlinBuildToolsApiClasspath,kotlinCompilerClasspath,kotlinCompilerPluginClasspathAndroidMain,kotlinCompilerPluginClasspathJsMain,kotlinCompilerPluginClasspathJsTest,kotlinCompilerPluginClasspathJvmMain,kotlinCompilerPluginClasspathJvmTest,kotlinCompilerPluginClasspathMetadataCommonMain,kotlinCompilerPluginClasspathMetadataMain,kotlinInternalAbiValidation,kotlinKlibCommonizerClasspath,ktlint,ktlintBaselineReporter,ktlintReporter,ktlintRuleset,swiftExportClasspathResolvable
org.jetbrains:annotations:23.0.0=dokkaHtmlGeneratorRuntimeResolver~internal
org.jetbrains:annotations:26.0.2-1=allSourceSetsCompileDependenciesMetadata,allTestSourceSetsCompileDependenciesMetadata,androidCompileClasspath,androidMainApiDependenciesMetadata,androidMainCompileOnlyDependenciesMetadata,androidMainImplementationDependenciesMetadata,androidMainResolvableDependenciesMetadata,androidNativeArm32CInterop,androidNativeArm32CompilationDependenciesMetadata,androidNativeArm32CompileKlibraries,androidNativeArm32MainApiDependenciesMetadata,androidNativeArm32MainCompileOnlyDependenciesMetadata,androidNativeArm32MainImplementationDependenciesMetadata,androidNativeArm32MainResolvableDependenciesMetadata,androidNativeArm32TestApiDependenciesMetadata,androidNativeArm32TestCInterop,androidNativeArm32TestCompilationDependenciesMetadata,androidNativeArm32TestCompileKlibraries,androidNativeArm32TestCompileOnlyDependenciesMetadata,androidNativeArm32TestImplementationDependenciesMetadata,androidNativeArm32TestResolvableDependenciesMetadata,androidNativeArm64CInterop,androidNativeArm64CompilationDependenciesMetadata,androidNativeArm64CompileKlibraries,androidNativeArm64MainApiDependenciesMetadata,androidNativeArm64MainCompileOnlyDependenciesMetadata,androidNativeArm64MainImplementationDependenciesMetadata,androidNativeArm64MainResolvableDependenciesMetadata,androidNativeArm64TestApiDependenciesMetadata,androidNativeArm64TestCInterop,androidNativeArm64TestCompilationDependenciesMetadata,androidNativeArm64TestCompileKlibraries,androidNativeArm64TestCompileOnlyDependenciesMetadata,androidNativeArm64TestImplementationDependenciesMetadata,androidNativeArm64TestResolvableDependenciesMetadata,androidNativeMainApiDependenciesMetadata,androidNativeMainCompileOnlyDependenciesMetadata,androidNativeMainImplementationDependenciesMetadata,androidNativeMainResolvableDependenciesMetadata,androidNativeTestApiDependenciesMetadata,androidNativeTestCompileOnlyDependenciesMetadata,androidNativeTestImplementationDependenciesMetadata,androidNativeTestResolvableDependenciesMetadata,androidNativeX64CInterop,androidNativeX64CompilationDependenciesMetadata,androidNativeX64CompileKlibraries,androidNativeX64MainApiDependenciesMetadata,androidNativeX64MainCompileOnlyDependenciesMetadata,androidNativeX64MainImplementationDependenciesMetadata,androidNativeX64MainResolvableDependenciesMetadata,androidNativeX64TestApiDependenciesMetadata,androidNativeX64TestCInterop,androidNativeX64TestCompilationDependenciesMetadata,androidNativeX64TestCompileKlibraries,androidNativeX64TestCompileOnlyDependenciesMetadata,androidNativeX64TestImplementationDependenciesMetadata,androidNativeX64TestResolvableDependenciesMetadata,androidNativeX86CInterop,androidNativeX86CompilationDependenciesMetadata,androidNativeX86CompileKlibraries,androidNativeX86MainApiDependenciesMetadata,androidNativeX86MainCompileOnlyDependenciesMetadata,androidNativeX86MainImplementationDependenciesMetadata,androidNativeX86MainResolvableDependenciesMetadata,androidNativeX86TestApiDependenciesMetadata,androidNativeX86TestCInterop,androidNativeX86TestCompilationDependenciesMetadata,androidNativeX86TestCompileKlibraries,androidNativeX86TestCompileOnlyDependenciesMetadata,androidNativeX86TestImplementationDependenciesMetadata,androidNativeX86TestResolvableDependenciesMetadata,androidRuntimeClasspath,appleMainApiDependenciesMetadata,appleMainCompileOnlyDependenciesMetadata,appleMainImplementationDependenciesMetadata,appleMainResolvableDependenciesMetadata,appleTestApiDependenciesMetadata,appleTestCompileOnlyDependenciesMetadata,appleTestImplementationDependenciesMetadata,appleTestResolvableDependenciesMetadata,commonMainApiDependenciesMetadata,commonMainCompileOnlyDependenciesMetadata,commonMainImplementationDependenciesMetadata,commonMainResolvableDependenciesMetadata,commonTestApiDependenciesMetadata,commonTestCompileOnlyDependenciesMetadata,commonTestImplementationDependenciesMetadata,commonTestResolvableDependenciesMetadata,iosArm64CInterop,iosArm64CompilationDependenciesMetadata,iosArm64CompileKlibraries,iosArm64MainApiDependenciesMetadata,iosArm64MainCompileOnlyDependenciesMetadata,iosArm64MainImplementationDependenciesMetadata,iosArm64MainResolvableDependenciesMetadata,iosArm64TestApiDependenciesMetadata,iosArm64TestCInterop,iosArm64TestCompilationDependenciesMetadata,iosArm64TestCompileKlibraries,iosArm64TestCompileOnlyDependenciesMetadata,iosArm64TestImplementationDependenciesMetadata,iosArm64TestResolvableDependenciesMetadata,iosMainApiDependenciesMetadata,iosMainCompileOnlyDependenciesMetadata,iosMainImplementationDependenciesMetadata,iosMainResolvableDependenciesMetadata,iosSimulatorArm64CInterop,iosSimulatorArm64CompilationDependenciesMetadata,iosSimulatorArm64CompileKlibraries,iosSimulatorArm64MainApiDependenciesMetadata,iosSimulatorArm64MainCompileOnlyDependenciesMetadata,iosSimulatorArm64MainImplementationDependenciesMetadata,iosSimulatorArm64MainResolvableDependenciesMetadata,iosSimulatorArm64TestApiDependenciesMetadata,iosSimulatorArm64TestCInterop,iosSimulatorArm64TestCompilationDependenciesMetadata,iosSimulatorArm64TestCompileKlibraries,iosSimulatorArm64TestCompileOnlyDependenciesMetadata,iosSimulatorArm64TestImplementationDependenciesMetadata,iosSimulatorArm64TestResolvableDependenciesMetadata,iosTestApiDependenciesMetadata,iosTestCompileOnlyDependenciesMetadata,iosTestImplementationDependenciesMetadata,iosTestResolvableDependenciesMetadata,iosX64CInterop,iosX64CompilationDependenciesMetadata,iosX64CompileKlibraries,iosX64MainApiDependenciesMetadata,iosX64MainCompileOnlyDependenciesMetadata,iosX64MainImplementationDependenciesMetadata,iosX64MainResolvableDependenciesMetadata,iosX64TestApiDependenciesMetadata,iosX64TestCInterop,iosX64TestCompilationDependenciesMetadata,iosX64TestCompileKlibraries,iosX64TestCompileOnlyDependenciesMetadata,iosX64TestImplementationDependenciesMetadata,iosX64TestResolvableDependenciesMetadata,jsCompileClasspath,jsMainApiDependenciesMetadata,jsMainCompileOnlyDependenciesMetadata,jsMainImplementationDependenciesMetadata,jsMainResolvableDependenciesMetadata,jsNpmAggregated,jsRuntimeClasspath,jsTestApiDependenciesMetadata,jsTestCompileClasspath,jsTestCompileOnlyDependenciesMetadata,jsTestImplementationDependenciesMetadata,jsTestNpmAggregated,jsTestResolvableDependenciesMetadata,jsTestRuntimeClasspath,jvmCompileClasspath,jvmMainApiDependenciesMetadata,jvmMainCompileClasspath,jvmMainCompileOnlyDependenciesMetadata,jvmMainImplementationDependenciesMetadata,jvmMainResolvableDependenciesMetadata,jvmMainRuntimeClasspath,jvmRuntimeClasspath,jvmTestApiDependenciesMetadata,jvmTestCompileClasspath,jvmTestCompileOnlyDependenciesMetadata,jvmTestImplementationDependenciesMetadata,jvmTestResolvableDependenciesMetadata,jvmTestRuntimeClasspath,linuxArm64CInterop,linuxArm64CompilationDependenciesMetadata,linuxArm64CompileKlibraries,linuxArm64MainApiDependenciesMetadata,linuxArm64MainCompileOnlyDependenciesMetadata,linuxArm64MainImplementationDependenciesMetadata,linuxArm64MainResolvableDependenciesMetadata,linuxArm64TestApiDependenciesMetadata,linuxArm64TestCInterop,linuxArm64TestCompilationDependenciesMetadata,linuxArm64TestCompileKlibraries,linuxArm64TestCompileOnlyDependenciesMetadata,linuxArm64TestImplementationDependenciesMetadata,linuxArm64TestResolvableDependenciesMetadata,linuxMainApiDependenciesMetadata,linuxMainCompileOnlyDependenciesMetadata,linuxMainImplementationDependenciesMetadata,linuxMainResolvableDependenciesMetadata,linuxTestApiDependenciesMetadata,linuxTestCompileOnlyDependenciesMetadata,linuxTestImplementationDependenciesMetadata,linuxTestResolvableDependenciesMetadata,linuxX64CInterop,linuxX64CompilationDependenciesMetadata,linuxX64CompileKlibraries,linuxX64MainApiDependenciesMetadata,linuxX64MainCompileOnlyDependenciesMetadata,linuxX64MainImplementationDependenciesMetadata,linuxX64MainResolvableDependenciesMetadata,linuxX64TestApiDependenciesMetadata,linuxX64TestCInterop,linuxX64TestCompilationDependenciesMetadata,linuxX64TestCompileKlibraries,linuxX64TestCompileOnlyDependenciesMetadata,linuxX64TestImplementationDependenciesMetadata,linuxX64TestResolvableDependenciesMetadata,macosArm64CInterop,macosArm64CompilationDependenciesMetadata,macosArm64CompileKlibraries,macosArm64MainApiDependenciesMetadata,macosArm64MainCompileOnlyDependenciesMetadata,macosArm64MainImplementationDependenciesMetadata,macosArm64MainResolvableDependenciesMetadata,macosArm64TestApiDependenciesMetadata,macosArm64TestCInterop,macosArm64TestCompilationDependenciesMetadata,macosArm64TestCompileKlibraries,macosArm64TestCompileOnlyDependenciesMetadata,macosArm64TestImplementationDependenciesMetadata,macosArm64TestResolvableDependenciesMetadata,macosMainApiDependenciesMetadata,macosMainCompileOnlyDependenciesMetadata,macosMainImplementationDependenciesMetadata,macosMainResolvableDependenciesMetadata,macosTestApiDependenciesMetadata,macosTestCompileOnlyDependenciesMetadata,macosTestImplementationDependenciesMetadata,macosTestResolvableDependenciesMetadata,macosX64CInterop,macosX64CompilationDependenciesMetadata,macosX64CompileKlibraries,macosX64MainApiDependenciesMetadata,macosX64MainCompileOnlyDependenciesMetadata,macosX64MainImplementationDependenciesMetadata,macosX64MainResolvableDependenciesMetadata,macosX64TestApiDependenciesMetadata,macosX64TestCInterop,macosX64TestCompilationDependenciesMetadata,macosX64TestCompileKlibraries,macosX64TestCompileOnlyDependenciesMetadata,macosX64TestImplementationDependenciesMetadata,macosX64TestResolvableDependenciesMetadata,metadataAndroidNativeMainCompileClasspath,metadataAppleMainCompileClasspath,metadataCommonMainCompileClasspath,metadataCompileClasspath,metadataIosMainCompileClasspath,metadataLinuxMainCompileClasspath,metadataMacosMainCompileClasspath,metadataNativeMainCompileClasspath,metadataTvosMainCompileClasspath,metadataWatchosMainCompileClasspath,mingwMainApiDependenciesMetadata,mingwMainCompileOnlyDependenciesMetadata,mingwMainImplementationDependenciesMetadata,mingwMainResolvableDependenciesMetadata,mingwTestApiDependenciesMetadata,mingwTestCompileOnlyDependenciesMetadata,mingwTestImplementationDependenciesMetadata,mingwTestResolvableDependenciesMetadata,mingwX64CInterop,mingwX64CompilationDependenciesMetadata,mingwX64CompileKlibraries,mingwX64MainApiDependenciesMetadata,mingwX64MainCompileOnlyDependenciesMetadata,mingwX64MainImplementationDependenciesMetadata,mingwX64MainResolvableDependenciesMetadata,mingwX64TestApiDependenciesMetadata,mingwX64TestCInterop,mingwX64TestCompilationDependenciesMetadata,mingwX64TestCompileKlibraries,mingwX64TestCompileOnlyDependenciesMetadata,mingwX64TestImplementationDependenciesMetadata,mingwX64TestResolvableDependenciesMetadata,nativeMainApiDependenciesMetadata,nativeMainCompileOnlyDependenciesMetadata,nativeMainImplementationDependenciesMetadata,nativeMainResolvableDependenciesMetadata,nativeTestApiDependenciesMetadata,nativeTestCompileOnlyDependenciesMetadata,nativeTestImplementationDependenciesMetadata,nativeTestResolvableDependenciesMetadata,tvosArm64CInterop,tvosArm64CompilationDependenciesMetadata,tvosArm64CompileKlibraries,tvosArm64MainApiDependenciesMetadata,tvosArm64MainCompileOnlyDependenciesMetadata,tvosArm64MainImplementationDependenciesMetadata,tvosArm64MainResolvableDependenciesMetadata,tvosArm64TestApiDependenciesMetadata,tvosArm64TestCInterop,tvosArm64TestCompilationDependenciesMetadata,tvosArm64TestCompileKlibraries,tvosArm64TestCompileOnlyDependenciesMetadata,tvosArm64TestImplementationDependenciesMetadata,tvosArm64TestResolvableDependenciesMetadata,tvosMainApiDependenciesMetadata,tvosMainCompileOnlyDependenciesMetadata,tvosMainImplementationDependenciesMetadata,tvosMainResolvableDependenciesMetadata,tvosSimulatorArm64CInterop,tvosSimulatorArm64CompilationDependenciesMetadata,tvosSimulatorArm64CompileKlibraries,tvosSimulatorArm64MainApiDependenciesMetadata,tvosSimulatorArm64MainCompileOnlyDependenciesMetadata,tvosSimulatorArm64MainImplementationDependenciesMetadata,tvosSimulatorArm64MainResolvableDependenciesMetadata,tvosSimulatorArm64TestApiDependenciesMetadata,tvosSimulatorArm64TestCInterop,tvosSimulatorArm64TestCompilationDependenciesMetadata,tvosSimulatorArm64TestCompileKlibraries,tvosSimulatorArm64TestCompileOnlyDependenciesMetadata,tvosSimulatorArm64TestImplementationDependenciesMetadata,tvosSimulatorArm64TestResolvableDependenciesMetadata,tvosTestApiDependenciesMetadata,tvosTestCompileOnlyDependenciesMetadata,tvosTestImplementationDependenciesMetadata,tvosTestResolvableDependenciesMetadata,tvosX64CInterop,tvosX64CompilationDependenciesMetadata,tvosX64CompileKlibraries,tvosX64MainApiDependenciesMetadata,tvosX64MainCompileOnlyDependenciesMetadata,tvosX64MainImplementationDependenciesMetadata,tvosX64MainResolvableDependenciesMetadata,tvosX64TestApiDependenciesMetadata,tvosX64TestCInterop,tvosX64TestCompilationDependenciesMetadata,tvosX64TestCompileKlibraries,tvosX64TestCompileOnlyDependenciesMetadata,tvosX64TestImplementationDependenciesMetadata,tvosX64TestResolvableDependenciesMetadata,watchosArm32CInterop,watchosArm32CompilationDependenciesMetadata,watchosArm32CompileKlibraries,watchosArm32MainApiDependenciesMetadata,watchosArm32MainCompileOnlyDependenciesMetadata,watchosArm32MainImplementationDependenciesMetadata,watchosArm32MainResolvableDependenciesMetadata,watchosArm32TestApiDependenciesMetadata,watchosArm32TestCInterop,watchosArm32TestCompilationDependenciesMetadata,watchosArm32TestCompileKlibraries,watchosArm32TestCompileOnlyDependenciesMetadata,watchosArm32TestImplementationDependenciesMetadata,watchosArm32TestResolvableDependenciesMetadata,watchosArm64CInterop,watchosArm64CompilationDependenciesMetadata,watchosArm64CompileKlibraries,watchosArm64MainApiDependenciesMetadata,watchosArm64MainCompileOnlyDependenciesMetadata,watchosArm64MainImplementationDependenciesMetadata,watchosArm64MainResolvableDependenciesMetadata,watchosArm64TestApiDependenciesMetadata,watchosArm64TestCInterop,watchosArm64TestCompilationDependenciesMetadata,watchosArm64TestCompileKlibraries,watchosArm64TestCompileOnlyDependenciesMetadata,watchosArm64TestImplementationDependenciesMetadata,watchosArm64TestResolvableDependenciesMetadata,watchosDeviceArm64CInterop,watchosDeviceArm64CompilationDependenciesMetadata,watchosDeviceArm64CompileKlibraries,watchosDeviceArm64MainApiDependenciesMetadata,watchosDeviceArm64MainCompileOnlyDependenciesMetadata,watchosDeviceArm64MainImplementationDependenciesMetadata,watchosDeviceArm64MainResolvableDependenciesMetadata,watchosDeviceArm64TestApiDependenciesMetadata,watchosDeviceArm64TestCInterop,watchosDeviceArm64TestCompilationDependenciesMetadata,watchosDeviceArm64TestCompileKlibraries,watchosDeviceArm64TestCompileOnlyDependenciesMetadata,watchosDeviceArm64TestImplementationDependenciesMetadata,watchosDeviceArm64TestResolvableDependenciesMetadata,watchosMainApiDependenciesMetadata,watchosMainCompileOnlyDependenciesMetadata,watchosMainImplementationDependenciesMetadata,watchosMainResolvableDependenciesMetadata,watchosSimulatorArm64CInterop,watchosSimulatorArm64CompilationDependenciesMetadata,watchosSimulatorArm64CompileKlibraries,watchosSimulatorArm64MainApiDependenciesMetadata,watchosSimulatorArm64MainCompileOnlyDependenciesMetadata,watchosSimulatorArm64MainImplementationDependenciesMetadata,watchosSimulatorArm64MainResolvableDependenciesMetadata,watchosSimulatorArm64TestApiDependenciesMetadata,watchosSimulatorArm64TestCInterop,watchosSimulatorArm64TestCompilationDependenciesMetadata,watchosSimulatorArm64TestCompileKlibraries,watchosSimulatorArm64TestCompileOnlyDependenciesMetadata,watchosSimulatorArm64TestImplementationDependenciesMetadata,watchosSimulatorArm64TestResolvableDependenciesMetadata,watchosTestApiDependenciesMetadata,watchosTestCompileOnlyDependenciesMetadata,watchosTestImplementationDependenciesMetadata,watchosTestResolvableDependenciesMetadata,watchosX64CInterop,watchosX64CompilationDependenciesMetadata,watchosX64CompileKlibraries,watchosX64MainApiDependenciesMetadata,watchosX64MainCompileOnlyDependenciesMetadata,watchosX64MainImplementationDependenciesMetadata,watchosX64MainResolvableDependenciesMetadata,watchosX64TestApiDependenciesMetadata,watchosX64TestCInterop,watchosX64TestCompilationDependenciesMetadata,watchosX64TestCompileKlibraries,watchosX64TestCompileOnlyDependenciesMetadata,watchosX64TestImplementationDependenciesMetadata,watchosX64TestResolvableDependenciesMetadata,webMainApiDependenciesMetadata,webMainCompileOnlyDependenciesMetadata,webMainImplementationDependenciesMetadata,webMainResolvableDependenciesMetadata,webTestApiDependenciesMetadata,webTestCompileOnlyDependenciesMetadata,webTestImplementationDependenciesMetadata,webTestResolvableDependenciesMetadata
org.jetbrains:markdown-jvm:0.7.3=dokkaHtmlGeneratorRuntimeResolver~internal
org.jetbrains:markdown:0.7.3=dokkaHtmlGeneratorRuntimeResolver~internal
org.jsoup:jsoup:1.16.1=dokkaHtmlGeneratorRuntimeResolver~internal
org.slf4j:slf4j-api:2.0.7=ktlint
empty=androidJdkImage,androidMainIntransitiveDependenciesMetadata,androidNativeArm32MainIntransitiveDependenciesMetadata,androidNativeArm32TestIntransitiveDependenciesMetadata,androidNativeArm64MainIntransitiveDependenciesMetadata,androidNativeArm64TestIntransitiveDependenciesMetadata,androidNativeMainIntransitiveDependenciesMetadata,androidNativeTestIntransitiveDependenciesMetadata,androidNativeX64MainIntransitiveDependenciesMetadata,androidNativeX64TestIntransitiveDependenciesMetadata,androidNativeX86MainIntransitiveDependenciesMetadata,androidNativeX86TestIntransitiveDependenciesMetadata,androidTestUtil,appleMainIntransitiveDependenciesMetadata,appleTestIntransitiveDependenciesMetadata,commonMainIntransitiveDependenciesMetadata,commonTestIntransitiveDependenciesMetadata,coreLibraryDesugaring,dokkaHtmlModuleOutputDirectoriesResolver~internal,dokkaHtmlPublicationPluginResolver~internal,iosArm64MainIntransitiveDependenciesMetadata,iosArm64TestIntransitiveDependenciesMetadata,iosMainIntransitiveDependenciesMetadata,iosSimulatorArm64MainIntransitiveDependenciesMetadata,iosSimulatorArm64TestIntransitiveDependenciesMetadata,iosTestIntransitiveDependenciesMetadata,iosX64MainIntransitiveDependenciesMetadata,iosX64TestIntransitiveDependenciesMetadata,jsMainIntransitiveDependenciesMetadata,jsTestIntransitiveDependenciesMetadata,jvmMainAnnotationProcessor,jvmMainIntransitiveDependenciesMetadata,jvmTestAnnotationProcessor,jvmTestIntransitiveDependenciesMetadata,kotlinCompilerPluginClasspath,kotlinCompilerPluginClasspathAndroidNativeArm32Main,kotlinCompilerPluginClasspathAndroidNativeArm32Test,kotlinCompilerPluginClasspathAndroidNativeArm64Main,kotlinCompilerPluginClasspathAndroidNativeArm64Test,kotlinCompilerPluginClasspathAndroidNativeX64Main,kotlinCompilerPluginClasspathAndroidNativeX64Test,kotlinCompilerPluginClasspathAndroidNativeX86Main,kotlinCompilerPluginClasspathAndroidNativeX86Test,kotlinCompilerPluginClasspathIosArm64Main,kotlinCompilerPluginClasspathIosArm64Test,kotlinCompilerPluginClasspathIosSimulatorArm64Main,kotlinCompilerPluginClasspathIosSimulatorArm64Test,kotlinCompilerPluginClasspathIosX64Main,kotlinCompilerPluginClasspathIosX64Test,kotlinCompilerPluginClasspathLinuxArm64Main,kotlinCompilerPluginClasspathLinuxArm64Test,kotlinCompilerPluginClasspathLinuxX64Main,kotlinCompilerPluginClasspathLinuxX64Test,kotlinCompilerPluginClasspathMacosArm64Main,kotlinCompilerPluginClasspathMacosArm64Test,kotlinCompilerPluginClasspathMacosX64Main,kotlinCompilerPluginClasspathMacosX64Test,kotlinCompilerPluginClasspathMetadataAndroidNativeMain,kotlinCompilerPluginClasspathMetadataAppleMain,kotlinCompilerPluginClasspathMetadataIosMain,kotlinCompilerPluginClasspathMetadataLinuxMain,kotlinCompilerPluginClasspathMetadataMacosMain,kotlinCompilerPluginClasspathMetadataNativeMain,kotlinCompilerPluginClasspathMetadataTvosMain,kotlinCompilerPluginClasspathMetadataWatchosMain,kotlinCompilerPluginClasspathMingwX64Main,kotlinCompilerPluginClasspathMingwX64Test,kotlinCompilerPluginClasspathTvosArm64Main,kotlinCompilerPluginClasspathTvosArm64Test,kotlinCompilerPluginClasspathTvosSimulatorArm64Main,kotlinCompilerPluginClasspathTvosSimulatorArm64Test,kotlinCompilerPluginClasspathTvosX64Main,kotlinCompilerPluginClasspathTvosX64Test,kotlinCompilerPluginClasspathWatchosArm32Main,kotlinCompilerPluginClasspathWatchosArm32Test,kotlinCompilerPluginClasspathWatchosArm64Main,kotlinCompilerPluginClasspathWatchosArm64Test,kotlinCompilerPluginClasspathWatchosDeviceArm64Main,kotlinCompilerPluginClasspathWatchosDeviceArm64Test,kotlinCompilerPluginClasspathWatchosSimulatorArm64Main,kotlinCompilerPluginClasspathWatchosSimulatorArm64Test,kotlinCompilerPluginClasspathWatchosX64Main,kotlinCompilerPluginClasspathWatchosX64Test,kotlinNativeCompilerPluginClasspath,kotlinScriptDefExtensions,lintChecks,lintPublish,linuxArm64MainIntransitiveDependenciesMetadata,linuxArm64TestIntransitiveDependenciesMetadata,linuxMainIntransitiveDependenciesMetadata,linuxTestIntransitiveDependenciesMetadata,linuxX64MainIntransitiveDependenciesMetadata,linuxX64TestIntransitiveDependenciesMetadata,macosArm64MainIntransitiveDependenciesMetadata,macosArm64TestIntransitiveDependenciesMetadata,macosMainIntransitiveDependenciesMetadata,macosTestIntransitiveDependenciesMetadata,macosX64MainIntransitiveDependenciesMetadata,macosX64TestIntransitiveDependenciesMetadata,mingwMainIntransitiveDependenciesMetadata,mingwTestIntransitiveDependenciesMetadata,mingwX64MainIntransitiveDependenciesMetadata,mingwX64TestIntransitiveDependenciesMetadata,nativeMainIntransitiveDependenciesMetadata,nativeTestIntransitiveDependenciesMetadata,resolvableAndroidNativeArm32TestCompilationApi,resolvableAndroidNativeArm64TestCompilationApi,resolvableAndroidNativeX64TestCompilationApi,resolvableAndroidNativeX86TestCompilationApi,resolvableIosArm64TestCompilationApi,resolvableIosSimulatorArm64TestCompilationApi,resolvableIosX64TestCompilationApi,resolvableLinuxArm64TestCompilationApi,resolvableLinuxX64TestCompilationApi,resolvableMacosArm64TestCompilationApi,resolvableMacosX64TestCompilationApi,resolvableMingwX64TestCompilationApi,resolvableTvosArm64TestCompilationApi,resolvableTvosSimulatorArm64TestCompilationApi,resolvableTvosX64TestCompilationApi,resolvableWatchosArm32TestCompilationApi,resolvableWatchosArm64TestCompilationApi,resolvableWatchosDeviceArm64TestCompilationApi,resolvableWatchosSimulatorArm64TestCompilationApi,resolvableWatchosX64TestCompilationApi,testKotlinScriptDefExtensions,tvosArm64MainIntransitiveDependenciesMetadata,tvosArm64TestIntransitiveDependenciesMetadata,tvosMainIntransitiveDependenciesMetadata,tvosSimulatorArm64MainIntransitiveDependenciesMetadata,tvosSimulatorArm64TestIntransitiveDependenciesMetadata,tvosTestIntransitiveDependenciesMetadata,tvosX64MainIntransitiveDependenciesMetadata,tvosX64TestIntransitiveDependenciesMetadata,watchosArm32MainIntransitiveDependenciesMetadata,watchosArm32TestIntransitiveDependenciesMetadata,watchosArm64MainIntransitiveDependenciesMetadata,watchosArm64TestIntransitiveDependenciesMetadata,watchosDeviceArm64MainIntransitiveDependenciesMetadata,watchosDeviceArm64TestIntransitiveDependenciesMetadata,watchosMainIntransitiveDependenciesMetadata,watchosSimulatorArm64MainIntransitiveDependenciesMetadata,watchosSimulatorArm64TestIntransitiveDependenciesMetadata,watchosTestIntransitiveDependenciesMetadata,watchosX64MainIntransitiveDependenciesMetadata,watchosX64TestIntransitiveDependenciesMetadata,webMainIntransitiveDependenciesMetadata,webTestIntransitiveDependenciesMetadata
