# This is a Gradle generated file for dependency locking.
# Manual edits can break the build and are not advised.
# This file is expected to be part of source control.
androidx.room:room-compiler-processing-testing:2.8.3=testCompileClasspath,testImplementationDependenciesMetadata,testRuntimeClasspath
androidx.room:room-compiler-processing:2.8.3=testCompileClasspath,testImplementationDependenciesMetadata,testRuntimeClasspath
ch.qos.logback:logback-classic:1.3.15=ktlint
ch.qos.logback:logback-core:1.3.15=ktlint
com.github.ajalt.clikt:clikt-jvm:5.0.3=ktlint
com.github.ajalt.clikt:clikt:5.0.3=ktlint
com.github.ben-manes.caffeine:caffeine:2.9.3=swiftExportClasspathResolvable
com.google.auto.value:auto-value-annotations:1.11.0=testCompileClasspath,testImplementationDependenciesMetadata,testRuntimeClasspath
com.google.auto.value:auto-value:1.5.3=testRuntimeClasspath
com.google.auto:auto-common:1.2.1=testRuntimeClasspath
com.google.devtools.ksp:symbol-processing-aa-embeddable:2.2.0-RC-2.0.1=testRuntimeClasspath
com.google.devtools.ksp:symbol-processing-api:2.2.20-2.0.4=compileClasspath,implementationDependenciesMetadata,runtimeClasspath,testCompileClasspath,testImplementationDependenciesMetadata,testRuntimeClasspath
com.google.devtools.ksp:symbol-processing-common-deps:2.2.0-RC-2.0.1=testRuntimeClasspath
com.google.devtools.ksp:symbol-processing:2.2.0-RC-2.0.1=testRuntimeClasspath
com.google.errorprone:error_prone_annotations:2.28.0=swiftExportClasspathResolvable
com.google.errorprone:error_prone_annotations:2.41.0=testCompileClasspath,testImplementationDependenciesMetadata,testRuntimeClasspath
com.google.guava:failureaccess:1.0.2=testCompileClasspath,testImplementationDependenciesMetadata,testRuntimeClasspath
com.google.guava:guava:33.4.3-android=testCompileClasspath,testImplementationDependenciesMetadata,testRuntimeClasspath
com.google.guava:listenablefuture:9999.0-empty-to-avoid-conflict-with-guava=testCompileClasspath,testImplementationDependenciesMetadata,testRuntimeClasspath
com.google.j2objc:j2objc-annotations:3.0.0=testCompileClasspath,testImplementationDependenciesMetadata,testRuntimeClasspath
com.google.testing.compile:compile-testing:0.18=testRuntimeClasspath
com.google.truth:truth:1.4.5=testCompileClasspath,testImplementationDependenciesMetadata,testRuntimeClasspath
com.pinterest.ktlint:ktlint-cli-reporter-baseline:1.7.1=ktlint,ktlintBaselineReporter
com.pinterest.ktlint:ktlint-cli-reporter-checkstyle:1.7.1=ktlint
com.pinterest.ktlint:ktlint-cli-reporter-core:1.7.1=ktlint,ktlintBaselineReporter
com.pinterest.ktlint:ktlint-cli-reporter-format:1.7.1=ktlint
com.pinterest.ktlint:ktlint-cli-reporter-html:1.7.1=ktlint
com.pinterest.ktlint:ktlint-cli-reporter-json:1.7.1=ktlint
com.pinterest.ktlint:ktlint-cli-reporter-plain-summary:1.7.1=ktlint
com.pinterest.ktlint:ktlint-cli-reporter-plain:1.7.1=ktlint
com.pinterest.ktlint:ktlint-cli-reporter-sarif:1.7.1=ktlint
com.pinterest.ktlint:ktlint-cli-ruleset-core:1.7.1=ktlint,ktlintRuleset
com.pinterest.ktlint:ktlint-cli:1.7.1=ktlint
com.pinterest.ktlint:ktlint-logger:1.7.1=ktlint,ktlintBaselineReporter,ktlintRuleset
com.pinterest.ktlint:ktlint-rule-engine-core:1.7.1=ktlint,ktlintBaselineReporter,ktlintRuleset
com.pinterest.ktlint:ktlint-rule-engine:1.7.1=ktlint
com.pinterest.ktlint:ktlint-ruleset-standard:1.7.1=ktlint,ktlintRuleset
com.squareup:javapoet:1.13.0=testCompileClasspath,testImplementationDependenciesMetadata,testRuntimeClasspath
com.squareup:kotlinpoet-javapoet:2.0.0=testCompileClasspath,testImplementationDependenciesMetadata,testRuntimeClasspath
com.squareup:kotlinpoet-jvm:2.2.0=compileClasspath,runtimeClasspath,testCompileClasspath,testRuntimeClasspath
com.squareup:kotlinpoet-ksp:2.2.0=compileClasspath,implementationDependenciesMetadata,runtimeClasspath,testCompileClasspath,testImplementationDependenciesMetadata,testRuntimeClasspath
com.squareup:kotlinpoet:2.2.0=compileClasspath,implementationDependenciesMetadata,runtimeClasspath,testCompileClasspath,testImplementationDependenciesMetadata,testRuntimeClasspath
dev.drewhamilton.poko:poko-annotations-jvm:0.19.1=ktlint,ktlintBaselineReporter,ktlintRuleset
dev.drewhamilton.poko:poko-annotations:0.19.1=ktlint,ktlintBaselineReporter,ktlintRuleset
io.github.detekt.sarif4k:sarif4k-jvm:0.6.0=ktlint,ktlintReporter
io.github.detekt.sarif4k:sarif4k:0.6.0=ktlint,ktlintReporter
io.github.java-diff-utils:java-diff-utils:4.12=kotlinInternalAbiValidation
io.github.oshai:kotlin-logging-jvm:7.0.7=ktlint,ktlintBaselineReporter,ktlintReporter,ktlintRuleset
io.github.oshai:kotlin-logging:5.1.0=ktlint,ktlintBaselineReporter,ktlintReporter
io.ktor:ktor-client-core-jvm:3.3.2=testRuntimeClasspath
io.ktor:ktor-client-core:3.3.2=testRuntimeClasspath
io.ktor:ktor-events-jvm:3.3.2=testRuntimeClasspath
io.ktor:ktor-events:3.3.2=testRuntimeClasspath
io.ktor:ktor-http-cio-jvm:3.3.2=testRuntimeClasspath
io.ktor:ktor-http-cio:3.3.2=testRuntimeClasspath
io.ktor:ktor-http-jvm:3.3.2=testRuntimeClasspath
io.ktor:ktor-http:3.3.2=testRuntimeClasspath
io.ktor:ktor-io-jvm:3.3.2=testRuntimeClasspath
io.ktor:ktor-io:3.3.2=testRuntimeClasspath
io.ktor:ktor-network-jvm:3.3.2=testRuntimeClasspath
io.ktor:ktor-network:3.3.2=testRuntimeClasspath
io.ktor:ktor-serialization-jvm:3.3.2=testRuntimeClasspath
io.ktor:ktor-serialization:3.3.2=testRuntimeClasspath
io.ktor:ktor-sse-jvm:3.3.2=testRuntimeClasspath
io.ktor:ktor-sse:3.3.2=testRuntimeClasspath
io.ktor:ktor-utils-jvm:3.3.2=testRuntimeClasspath
io.ktor:ktor-utils:3.3.2=testRuntimeClasspath
io.ktor:ktor-websocket-serialization-jvm:3.3.2=testRuntimeClasspath
io.ktor:ktor-websocket-serialization:3.3.2=testRuntimeClasspath
io.ktor:ktor-websockets-jvm:3.3.2=testRuntimeClasspath
io.ktor:ktor-websockets:3.3.2=testRuntimeClasspath
io.opentelemetry:opentelemetry-api:1.41.0=swiftExportClasspathResolvable
io.opentelemetry:opentelemetry-context:1.41.0=swiftExportClasspathResolvable
junit:junit:4.13.2=testCompileClasspath,testImplementationDependenciesMetadata,testRuntimeClasspath
org.apiguardian:apiguardian-api:1.1.2=testCompileClasspath
org.bouncycastle:bcpg-jdk18on:1.80=kotlinBouncyCastleConfiguration
org.bouncycastle:bcpkix-jdk18on:1.80=kotlinBouncyCastleConfiguration
org.bouncycastle:bcprov-jdk18on:1.80=kotlinBouncyCastleConfiguration
org.bouncycastle:bcutil-jdk18on:1.80=kotlinBouncyCastleConfiguration
org.checkerframework:checker-qual:3.43.0=swiftExportClasspathResolvable,testCompileClasspath,testImplementationDependenciesMetadata,testRuntimeClasspath
org.ec4j.core:ec4j-core:1.1.1=ktlint,ktlintBaselineReporter,ktlintRuleset
org.hamcrest:hamcrest-core:1.3=testCompileClasspath,testImplementationDependenciesMetadata,testRuntimeClasspath
org.jetbrains.kotlin:abi-tools-api:2.2.20=kotlinInternalAbiValidation
org.jetbrains.kotlin:abi-tools:2.2.20=kotlinInternalAbiValidation
org.jetbrains.kotlin:kotlin-annotation-processing-embeddable:2.2.0=testRuntimeClasspath
org.jetbrains.kotlin:kotlin-build-tools-api:2.2.20=kotlinBuildToolsApiClasspath
org.jetbrains.kotlin:kotlin-build-tools-impl:2.2.20=kotlinBuildToolsApiClasspath
org.jetbrains.kotlin:kotlin-compiler-embeddable:2.2.0=ktlint,ktlintBaselineReporter,ktlintRuleset,testRuntimeClasspath
org.jetbrains.kotlin:kotlin-compiler-embeddable:2.2.20=kotlinBuildToolsApiClasspath,kotlinCompilerClasspath,kotlinInternalAbiValidation,kotlinKlibCommonizerClasspath,swiftExportClasspathResolvable
org.jetbrains.kotlin:kotlin-compiler-runner:2.2.20=kotlinBuildToolsApiClasspath
org.jetbrains.kotlin:kotlin-daemon-client:2.2.20=kotlinBuildToolsApiClasspath
org.jetbrains.kotlin:kotlin-daemon-embeddable:2.2.0=ktlint,ktlintBaselineReporter,ktlintRuleset,testRuntimeClasspath
org.jetbrains.kotlin:kotlin-daemon-embeddable:2.2.20=kotlinBuildToolsApiClasspath,kotlinCompilerClasspath,kotlinInternalAbiValidation,kotlinKlibCommonizerClasspath,swiftExportClasspathResolvable
org.jetbrains.kotlin:kotlin-klib-commonizer-embeddable:2.2.20=kotlinKlibCommonizerClasspath
org.jetbrains.kotlin:kotlin-metadata-jvm:2.2.0=testRuntimeClasspath
org.jetbrains.kotlin:kotlin-metadata-jvm:2.2.20=kotlinInternalAbiValidation
org.jetbrains.kotlin:kotlin-reflect:1.6.10=kotlinBuildToolsApiClasspath,kotlinCompilerClasspath,kotlinInternalAbiValidation,kotlinKlibCommonizerClasspath,ktlint,ktlintBaselineReporter,ktlintRuleset,swiftExportClasspathResolvable
org.jetbrains.kotlin:kotlin-reflect:2.2.20=compileClasspath,implementationDependenciesMetadata,runtimeClasspath,testCompileClasspath,testImplementationDependenciesMetadata,testRuntimeClasspath
org.jetbrains.kotlin:kotlin-script-runtime:2.2.0=ktlint,ktlintBaselineReporter,ktlintRuleset,testRuntimeClasspath
org.jetbrains.kotlin:kotlin-script-runtime:2.2.20=kotlinBuildToolsApiClasspath,kotlinCompilerClasspath,kotlinCompilerPluginClasspathMain,kotlinCompilerPluginClasspathTest,kotlinInternalAbiValidation,kotlinKlibCommonizerClasspath,swiftExportClasspathResolvable
org.jetbrains.kotlin:kotlin-scripting-common:2.2.20=kotlinBuildToolsApiClasspath,kotlinCompilerPluginClasspathMain,kotlinCompilerPluginClasspathTest
org.jetbrains.kotlin:kotlin-scripting-compiler-embeddable:2.2.20=kotlinBuildToolsApiClasspath,kotlinCompilerPluginClasspathMain,kotlinCompilerPluginClasspathTest
org.jetbrains.kotlin:kotlin-scripting-compiler-impl-embeddable:2.2.20=kotlinBuildToolsApiClasspath,kotlinCompilerPluginClasspathMain,kotlinCompilerPluginClasspathTest
org.jetbrains.kotlin:kotlin-scripting-jvm:2.2.20=kotlinBuildToolsApiClasspath,kotlinCompilerPluginClasspathMain,kotlinCompilerPluginClasspathTest
org.jetbrains.kotlin:kotlin-stdlib-common:2.2.0=ktlintReporter
org.jetbrains.kotlin:kotlin-stdlib-jdk7:1.8.0=ktlintReporter
org.jetbrains.kotlin:kotlin-stdlib-jdk8:1.8.0=ktlintReporter
org.jetbrains.kotlin:kotlin-stdlib:2.2.0=ktlint,ktlintBaselineReporter,ktlintReporter,ktlintRuleset
org.jetbrains.kotlin:kotlin-stdlib:2.2.20=apiDependenciesMetadata,compileClasspath,implementationDependenciesMetadata,kotlinBuildToolsApiClasspath,kotlinCompilerClasspath,kotlinCompilerPluginClasspathMain,kotlinCompilerPluginClasspathTest,kotlinInternalAbiValidation,kotlinKlibCommonizerClasspath,runtimeClasspath,swiftExportClasspathResolvable,testCompileClasspath,testImplementationDependenciesMetadata
org.jetbrains.kotlin:kotlin-stdlib:2.2.21=testRuntimeClasspath
org.jetbrains.kotlin:kotlin-test-junit5:2.2.20=testCompileClasspath,testRuntimeClasspath
org.jetbrains.kotlin:kotlin-test:2.2.20=testCompileClasspath,testImplementationDependenciesMetadata,testRuntimeClasspath
org.jetbrains.kotlin:swift-export-embeddable:2.2.20=swiftExportClasspathResolvable
org.jetbrains.kotlinx:kotlinx-coroutines-bom:1.10.2=testRuntimeClasspath
org.jetbrains.kotlinx:kotlinx-coroutines-core-jvm:1.10.2=testRuntimeClasspath
org.jetbrains.kotlinx:kotlinx-coroutines-core-jvm:1.8.0=kotlinBuildToolsApiClasspath,kotlinCompilerClasspath,kotlinInternalAbiValidation,kotlinKlibCommonizerClasspath,ktlint,ktlintBaselineReporter,ktlintRuleset,swiftExportClasspathResolvable
org.jetbrains.kotlinx:kotlinx-coroutines-core:1.10.2=testRuntimeClasspath
org.jetbrains.kotlinx:kotlinx-coroutines-slf4j:1.10.2=testRuntimeClasspath
org.jetbrains.kotlinx:kotlinx-io-bytestring-jvm:0.8.0=testRuntimeClasspath
org.jetbrains.kotlinx:kotlinx-io-bytestring:0.8.0=testRuntimeClasspath
org.jetbrains.kotlinx:kotlinx-io-core-jvm:0.8.0=testRuntimeClasspath
org.jetbrains.kotlinx:kotlinx-io-core:0.8.0=testRuntimeClasspath
org.jetbrains.kotlinx:kotlinx-serialization-bom:1.7.3=swiftExportClasspathResolvable
org.jetbrains.kotlinx:kotlinx-serialization-bom:1.9.0=testRuntimeClasspath
org.jetbrains.kotlinx:kotlinx-serialization-core-jvm:1.4.1=ktlintReporter
org.jetbrains.kotlinx:kotlinx-serialization-core-jvm:1.7.3=swiftExportClasspathResolvable
org.jetbrains.kotlinx:kotlinx-serialization-core-jvm:1.9.0=testRuntimeClasspath
org.jetbrains.kotlinx:kotlinx-serialization-core:1.4.1=ktlintReporter
org.jetbrains.kotlinx:kotlinx-serialization-core:1.7.3=swiftExportClasspathResolvable
org.jetbrains.kotlinx:kotlinx-serialization-core:1.9.0=testRuntimeClasspath
org.jetbrains.kotlinx:kotlinx-serialization-json-jvm:1.4.1=ktlintReporter
org.jetbrains.kotlinx:kotlinx-serialization-json-jvm:1.9.0=testRuntimeClasspath
org.jetbrains.kotlinx:kotlinx-serialization-json:1.4.1=ktlintReporter
org.jetbrains.kotlinx:kotlinx-serialization-json:1.9.0=testRuntimeClasspath
org.jetbrains.kotlinx:kover-jvm-agent:0.9.3=koverJvmAgent,koverJvmReporter
org.jetbrains:annotations:13.0=compileClasspath,kotlinBuildToolsApiClasspath,kotlinCompilerClasspath,kotlinCompilerPluginClasspathMain,kotlinCompilerPluginClasspathTest,kotlinInternalAbiValidation,kotlinKlibCommonizerClasspath,ktlint,ktlintBaselineReporter,ktlintReporter,ktlintRuleset,swiftExportClasspathResolvable,testCompileClasspath
org.jetbrains:annotations:26.0.2=implementationDependenciesMetadata,runtimeClasspath,testImplementationDependenciesMetadata,testRuntimeClasspath
org.jspecify:jspecify:1.0.0=testCompileClasspath,testImplementationDependenciesMetadata,testRuntimeClasspath
org.junit.jupiter:junit-jupiter-api:5.10.1=testCompileClasspath,testRuntimeClasspath
org.junit.jupiter:junit-jupiter-engine:5.10.1=testRuntimeClasspath
org.junit.platform:junit-platform-commons:1.10.1=testCompileClasspath,testRuntimeClasspath
org.junit.platform:junit-platform-engine:1.10.1=testRuntimeClasspath
org.junit.platform:junit-platform-launcher:1.10.1=testRuntimeClasspath
org.junit:junit-bom:5.10.1=testCompileClasspath,testRuntimeClasspath
org.opentest4j:opentest4j:1.3.0=testCompileClasspath,testRuntimeClasspath
org.ow2.asm:asm:9.8=testCompileClasspath,testImplementationDependenciesMetadata,testRuntimeClasspath
org.slf4j:slf4j-api:2.0.17=testRuntimeClasspath
org.slf4j:slf4j-api:2.0.7=ktlint
empty=annotationProcessor,compileOnlyDependenciesMetadata,intransitiveDependenciesMetadata,kotlinCompilerPluginClasspath,kotlinNativeCompilerPluginClasspath,kotlinScriptDefExtensions,koverExternalArtifacts,koverExternalArtifactsJvm,testAnnotationProcessor,testApiDependenciesMetadata,testCompileOnlyDependenciesMetadata,testIntransitiveDependenciesMetadata,testKotlinScriptDefExtensions
